// !$*UTF8*$!
{
	archiveVersion = 1;
	classes = {
	};
	objectVersion = 56;
	objects = {

/* Begin PBXBuildFile section */
		75AFA2472D36AE1200AECEFB /* CoffeeOrdersApp.swift in Sources */ = {isa = PBXBuildFile; fileRef = 75AFA2462D36AE1200AECEFB /* CoffeeOrdersApp.swift */; };
		75AFA2492D36AE1200AECEFB /* ContentView.swift in Sources */ = {isa = PBXBuildFile; fileRef = 75AFA2482D36AE1200AECEFB /* ContentView.swift */; };
		75AFA24B2D36AE1400AECEFB /* Assets.xcassets in Resources */ = {isa = PBXBuildFile; fileRef = 75AFA24A2D36AE1400AECEFB /* Assets.xcassets */; };
		75AFA24E2D36AE1400AECEFB /* Preview Assets.xcassets in Resources */ = {isa = PBXBuildFile; fileRef = 75AFA24D2D36AE1400AECEFB /* Preview Assets.xcassets */; };
		75AFA2582D36AFE500AECEFB /* Webservice.swift in Sources */ = {isa = PBXBuildFile; fileRef = 75AFA2572D36AFE500AECEFB /* Webservice.swift */; };
		75AFA25C2D36B04200AECEFB /* Order.swift in Sources */ = {isa = PBXBuildFile; fileRef = 75AFA25B2D36B04200AECEFB /* Order.swift */; };
		75D8E9C02D39474C008FD5C5 /* CoffeeModel.swift in Sources */ = {isa = PBXBuildFile; fileRef = 75D8E9BF2D39474C008FD5C5 /* CoffeeModel.swift */; };
		75D8E9C32D39507D008FD5C5 /* OrderCellView.swift in Sources */ = {isa = PBXBuildFile; fileRef = 75D8E9C22D39507D008FD5C5 /* OrderCellView.swift */; };
		75D8E9C62D3950B0008FD5C5 /* NumberFormatter+Extensions.swift in Sources */ = {isa = PBXBuildFile; fileRef = 75D8E9C52D3950B0008FD5C5 /* NumberFormatter+Extensions.swift */; };
/* End PBXBuildFile section */

/* Begin PBXFileReference section */
		75AFA2432D36AE1200AECEFB /* CoffeeOrders.app */ = {isa = PBXFileReference; explicitFileType = wrapper.application; includeInIndex = 0; path = CoffeeOrders.app; sourceTree = BUILT_PRODUCTS_DIR; };
		75AFA2462D36AE1200AECEFB /* CoffeeOrdersApp.swift */ = {isa = PBXFileReference; lastKnownFileType = sourcecode.swift; path = CoffeeOrdersApp.swift; sourceTree = "<group>"; };
		75AFA2482D36AE1200AECEFB /* ContentView.swift */ = {isa = PBXFileReference; lastKnownFileType = sourcecode.swift; path = ContentView.swift; sourceTree = "<group>"; };
		75AFA24A2D36AE1400AECEFB /* Assets.xcassets */ = {isa = PBXFileReference; lastKnownFileType = folder.assetcatalog; path = Assets.xcassets; sourceTree = "<group>"; };
		75AFA24D2D36AE1400AECEFB /* Preview Assets.xcassets */ = {isa = PBXFileReference; lastKnownFileType = folder.assetcatalog; path = "Preview Assets.xcassets"; sourceTree = "<group>"; };
		75AFA2572D36AFE500AECEFB /* Webservice.swift */ = {isa = PBXFileReference; lastKnownFileType = sourcecode.swift; path = Webservice.swift; sourceTree = "<group>"; };
		75AFA25B2D36B04200AECEFB /* Order.swift */ = {isa = PBXFileReference; lastKnownFileType = sourcecode.swift; path = Order.swift; sourceTree = "<group>"; };
		75D8E9BF2D39474C008FD5C5 /* CoffeeModel.swift */ = {isa = PBXFileReference; lastKnownFileType = sourcecode.swift; path = CoffeeModel.swift; sourceTree = "<group>"; };
		75D8E9C22D39507D008FD5C5 /* OrderCellView.swift */ = {isa = PBXFileReference; lastKnownFileType = sourcecode.swift; path = OrderCellView.swift; sourceTree = "<group>"; };
		75D8E9C52D3950B0008FD5C5 /* NumberFormatter+Extensions.swift */ = {isa = PBXFileReference; lastKnownFileType = sourcecode.swift; path = "NumberFormatter+Extensions.swift"; sourceTree = "<group>"; };
/* End PBXFileReference section */

/* Begin PBXFrameworksBuildPhase section */
		75AFA2402D36AE1200AECEFB /* Frameworks */ = {
			isa = PBXFrameworksBuildPhase;
			buildActionMask = 2147483647;
			files = (
			);
			runOnlyForDeploymentPostprocessing = 0;
		};
/* End PBXFrameworksBuildPhase section */

/* Begin PBXGroup section */
		75AFA23A2D36AE1200AECEFB = {
			isa = PBXGroup;
			children = (
				75AFA2452D36AE1200AECEFB /* CoffeeOrders */,
				75AFA2442D36AE1200AECEFB /* Products */,
			);
			sourceTree = "<group>";
		};
		75AFA2442D36AE1200AECEFB /* Products */ = {
			isa = PBXGroup;
			children = (
				75AFA2432D36AE1200AECEFB /* CoffeeOrders.app */,
			);
			name = Products;
			sourceTree = "<group>";
		};
		75AFA2452D36AE1200AECEFB /* CoffeeOrders */ = {
			isa = PBXGroup;
			children = (
				75AFA2462D36AE1200AECEFB /* CoffeeOrdersApp.swift */,
				75AFA2482D36AE1200AECEFB /* ContentView.swift */,
				75D8E9C42D395087008FD5C5 /* Extensions */,
				75AFA25A2D36B03700AECEFB /* Models */,
				75AFA24C2D36AE1400AECEFB /* Preview Content */,
				75AFA2592D36AFFE00AECEFB /* Resources */,
				75AFA2562D36AFDA00AECEFB /* Services */,
				75D8E9C12D395069008FD5C5 /* Views */,
			);
			path = CoffeeOrders;
			sourceTree = "<group>";
		};
		75AFA24C2D36AE1400AECEFB /* Preview Content */ = {
			isa = PBXGroup;
			children = (
				75AFA24D2D36AE1400AECEFB /* Preview Assets.xcassets */,
			);
			path = "Preview Content";
			sourceTree = "<group>";
		};
		75AFA2562D36AFDA00AECEFB /* Services */ = {
			isa = PBXGroup;
			children = (
				75AFA2572D36AFE500AECEFB /* Webservice.swift */,
			);
			path = Services;
			sourceTree = "<group>";
		};
		75AFA2592D36AFFE00AECEFB /* Resources */ = {
			isa = PBXGroup;
			children = (
				75AFA24A2D36AE1400AECEFB /* Assets.xcassets */,
			);
			path = Resources;
			sourceTree = "<group>";
		};
		75AFA25A2D36B03700AECEFB /* Models */ = {
			isa = PBXGroup;
			children = (
				75AFA25B2D36B04200AECEFB /* Order.swift */,
				75D8E9BF2D39474C008FD5C5 /* CoffeeModel.swift */,
			);
			path = Models;
			sourceTree = "<group>";
		};
		75D8E9C12D395069008FD5C5 /* Views */ = {
			isa = PBXGroup;
			children = (
				75D8E9C22D39507D008FD5C5 /* OrderCellView.swift */,
			);
			path = Views;
			sourceTree = "<group>";
		};
		75D8E9C42D395087008FD5C5 /* Extensions */ = {
			isa = PBXGroup;
			children = (
				75D8E9C52D3950B0008FD5C5 /* NumberFormatter+Extensions.swift */,
			);
			path = Extensions;
			sourceTree = "<group>";
		};
/* End PBXGroup section */

/* Begin PBXNativeTarget section */
		75AFA2422D36AE1200AECEFB /* CoffeeOrders */ = {
			isa = PBXNativeTarget;
			buildConfigurationList = 75AFA2512D36AE1400AECEFB /* Build configuration list for PBXNativeTarget "CoffeeOrders" */;
			buildPhases = (
				75AFA23F2D36AE1200AECEFB /* Sources */,
				75AFA2402D36AE1200AECEFB /* Frameworks */,
				75AFA2412D36AE1200AECEFB /* Resources */,
			);
			buildRules = (
			);
			dependencies = (
			);
			name = CoffeeOrders;
			productName = CoffeeOrders;
			productReference = 75AFA2432D36AE1200AECEFB /* CoffeeOrders.app */;
			productType = "com.apple.product-type.application";
		};
/* End PBXNativeTarget section */

/* Begin PBXProject section */
		75AFA23B2D36AE1200AECEFB /* Project object */ = {
			isa = PBXProject;
			attributes = {
				BuildIndependentTargetsInParallel = 1;
				LastSwiftUpdateCheck = 1540;
				LastUpgradeCheck = 1540;
				TargetAttributes = {
					75AFA2422D36AE1200AECEFB = {
						CreatedOnToolsVersion = 15.4;
					};
				};
			};
			buildConfigurationList = 75AFA23E2D36AE1200AECEFB /* Build configuration list for PBXProject "CoffeeOrders" */;
			compatibilityVersion = "Xcode 14.0";
			developmentRegion = en;
			hasScannedForEncodings = 0;
			knownRegions = (
				en,
				Base,
			);
			mainGroup = 75AFA23A2D36AE1200AECEFB;
			productRefGroup = 75AFA2442D36AE1200AECEFB /* Products */;
			projectDirPath = "";
			projectRoot = "";
			targets = (
				75AFA2422D36AE1200AECEFB /* CoffeeOrders */,
			);
		};
/* End PBXProject section */

/* Begin PBXResourcesBuildPhase section */
		75AFA2412D36AE1200AECEFB /* Resources */ = {
			isa = PBXResourcesBuildPhase;
			buildActionMask = 2147483647;
			files = (
				75AFA24E2D36AE1400AECEFB /* Preview Assets.xcassets in Resources */,
				75AFA24B2D36AE1400AECEFB /* Assets.xcassets in Resources */,
			);
			runOnlyForDeploymentPostprocessing = 0;
		};
/* End PBXResourcesBuildPhase section */

/* Begin PBXSourcesBuildPhase section */
		75AFA23F2D36AE1200AECEFB /* Sources */ = {
			isa = PBXSourcesBuildPhase;
			buildActionMask = 2147483647;
			files = (
				75AFA2492D36AE1200AECEFB /* ContentView.swift in Sources */,
				75D8E9C02D39474C008FD5C5 /* CoffeeModel.swift in Sources */,
				75D8E9C62D3950B0008FD5C5 /* NumberFormatter+Extensions.swift in Sources */,
				75AFA25C2D36B04200AECEFB /* Order.swift in Sources */,
				75AFA2582D36AFE500AECEFB /* Webservice.swift in Sources */,
				75AFA2472D36AE1200AECEFB /* CoffeeOrdersApp.swift in Sources */,
				75D8E9C32D39507D008FD5C5 /* OrderCellView.swift in Sources */,
			);
			runOnlyForDeploymentPostprocessing = 0;
		};
/* End PBXSourcesBuildPhase section */

/* Begin XCBuildConfiguration section */
		75AFA24F2D36AE1400AECEFB /* Debug */ = {
			isa = XCBuildConfiguration;
			buildSettings = {
				ALWAYS_SEARCH_USER_PATHS = NO;
				ASSETCATALOG_COMPILER_GENERATE_SWIFT_ASSET_SYMBOL_EXTENSIONS = YES;
				CLANG_ANALYZER_NONNULL = YES;
				CLANG_ANALYZER_NUMBER_OBJECT_CONVERSION = YES_AGGRESSIVE;
				CLANG_CXX_LANGUAGE_STANDARD = "gnu++20";
				CLANG_ENABLE_MODULES = YES;
				CLANG_ENABLE_OBJC_ARC = YES;
				CLANG_ENABLE_OBJC_WEAK = YES;
				CLANG_WARN_BLOCK_CAPTURE_AUTORELEASING = YES;
				CLANG_WARN_BOOL_CONVERSION = YES;
				CLANG_WARN_COMMA = YES;
				CLANG_WARN_CONSTANT_CONVERSION = YES;
				CLANG_WARN_DEPRECATED_OBJC_IMPLEMENTATIONS = YES;
				CLANG_WARN_DIRECT_OBJC_ISA_USAGE = YES_ERROR;
				CLANG_WARN_DOCUMENTATION_COMMENTS = YES;
				CLANG_WARN_EMPTY_BODY = YES;
				CLANG_WARN_ENUM_CONVERSION = YES;
				CLANG_WARN_INFINITE_RECURSION = YES;
				CLANG_WARN_INT_CONVERSION = YES;
				CLANG_WARN_NON_LITERAL_NULL_CONVERSION = YES;
				CLANG_WARN_OBJC_IMPLICIT_RETAIN_SELF = YES;
				CLANG_WARN_OBJC_LITERAL_CONVERSION = YES;
				CLANG_WARN_OBJC_ROOT_CLASS = YES_ERROR;
				CLANG_WARN_QUOTED_INCLUDE_IN_FRAMEWORK_HEADER = YES;
				CLANG_WARN_RANGE_LOOP_ANALYSIS = YES;
				CLANG_WARN_STRICT_PROTOTYPES = YES;
				CLANG_WARN_SUSPICIOUS_MOVE = YES;
				CLANG_WARN_UNGUARDED_AVAILABILITY = YES_AGGRESSIVE;
				CLANG_WARN_UNREACHABLE_CODE = YES;
				CLANG_WARN__DUPLICATE_METHOD_MATCH = YES;
				COPY_PHASE_STRIP = NO;
				DEBUG_INFORMATION_FORMAT = dwarf;
				ENABLE_STRICT_OBJC_MSGSEND = YES;
				ENABLE_TESTABILITY = YES;
				ENABLE_USER_SCRIPT_SANDBOXING = YES;
				GCC_C_LANGUAGE_STANDARD = gnu17;
				GCC_DYNAMIC_NO_PIC = NO;
				GCC_NO_COMMON_BLOCKS = YES;
				GCC_OPTIMIZATION_LEVEL = 0;
				GCC_PREPROCESSOR_DEFINITIONS = (
					"DEBUG=1",
					"$(inherited)",
				);
				GCC_WARN_64_TO_32_BIT_CONVERSION = YES;
				GCC_WARN_ABOUT_RETURN_TYPE = YES_ERROR;
				GCC_WARN_UNDECLARED_SELECTOR = YES;
				GCC_WARN_UNINITIALIZED_AUTOS = YES_AGGRESSIVE;
				GCC_WARN_UNUSED_FUNCTION = YES;
				GCC_WARN_UNUSED_VARIABLE = YES;
				IPHONEOS_DEPLOYMENT_TARGET = 17.5;
				LOCALIZATION_PREFERS_STRING_CATALOGS = YES;
				MTL_ENABLE_DEBUG_INFO = INCLUDE_SOURCE;
				MTL_FAST_MATH = YES;
				ONLY_ACTIVE_ARCH = YES;
				SDKROOT = iphoneos;
				SWIFT_ACTIVE_COMPILATION_CONDITIONS = "DEBUG $(inherited)";
				SWIFT_OPTIMIZATION_LEVEL = "-Onone";
			};
			name = Debug;
		};
		75AFA2502D36AE1400AECEFB /* Release */ = {
			isa = XCBuildConfiguration;
			buildSettings = {
				ALWAYS_SEARCH_USER_PATHS = NO;
				ASSETCATALOG_COMPILER_GENERATE_SWIFT_ASSET_SYMBOL_EXTENSIONS = YES;
				CLANG_ANALYZER_NONNULL = YES;
				CLANG_ANALYZER_NUMBER_OBJECT_CONVERSION = YES_AGGRESSIVE;
				CLANG_CXX_LANGUAGE_STANDARD = "gnu++20";
				CLANG_ENABLE_MODULES = YES;
				CLANG_ENABLE_OBJC_ARC = YES;
				CLANG_ENABLE_OBJC_WEAK = YES;
				CLANG_WARN_BLOCK_CAPTURE_AUTORELEASING = YES;
				CLANG_WARN_BOOL_CONVERSION = YES;
				CLANG_WARN_COMMA = YES;
				CLANG_WARN_CONSTANT_CONVERSION = YES;
				CLANG_WARN_DEPRECATED_OBJC_IMPLEMENTATIONS = YES;
				CLANG_WARN_DIRECT_OBJC_ISA_USAGE = YES_ERROR;
				CLANG_WARN_DOCUMENTATION_COMMENTS = YES;
				CLANG_WARN_EMPTY_BODY = YES;
				CLANG_WARN_ENUM_CONVERSION = YES;
				CLANG_WARN_INFINITE_RECURSION = YES;
				CLANG_WARN_INT_CONVERSION = YES;
				CLANG_WARN_NON_LITERAL_NULL_CONVERSION = YES;
				CLANG_WARN_OBJC_IMPLICIT_RETAIN_SELF = YES;
				CLANG_WARN_OBJC_LITERAL_CONVERSION = YES;
				CLANG_WARN_OBJC_ROOT_CLASS = YES_ERROR;
				CLANG_WARN_QUOTED_INCLUDE_IN_FRAMEWORK_HEADER = YES;
				CLANG_WARN_RANGE_LOOP_ANALYSIS = YES;
				CLANG_WARN_STRICT_PROTOTYPES = YES;
				CLANG_WARN_SUSPICIOUS_MOVE = YES;
				CLANG_WARN_UNGUARDED_AVAILABILITY = YES_AGGRESSIVE;
				CLANG_WARN_UNREACHABLE_CODE = YES;
				CLANG_WARN__DUPLICATE_METHOD_MATCH = YES;
				COPY_PHASE_STRIP = NO;
				DEBUG_INFORMATION_FORMAT = "dwarf-with-dsym";
				ENABLE_NS_ASSERTIONS = NO;
				ENABLE_STRICT_OBJC_MSGSEND = YES;
				ENABLE_USER_SCRIPT_SANDBOXING = YES;
				GCC_C_LANGUAGE_STANDARD = gnu17;
				GCC_NO_COMMON_BLOCKS = YES;
				GCC_WARN_64_TO_32_BIT_CONVERSION = YES;
				GCC_WARN_ABOUT_RETURN_TYPE = YES_ERROR;
				GCC_WARN_UNDECLARED_SELECTOR = YES;
				GCC_WARN_UNINITIALIZED_AUTOS = YES_AGGRESSIVE;
				GCC_WARN_UNUSED_FUNCTION = YES;
				GCC_WARN_UNUSED_VARIABLE = YES;
				IPHONEOS_DEPLOYMENT_TARGET = 17.5;
				LOCALIZATION_PREFERS_STRING_CATALOGS = YES;
				MTL_ENABLE_DEBUG_INFO = NO;
				MTL_FAST_MATH = YES;
				SDKROOT = iphoneos;
				SWIFT_COMPILATION_MODE = wholemodule;
				VALIDATE_PRODUCT = YES;
			};
			name = Release;
		};
		75AFA2522D36AE1400AECEFB /* Debug */ = {
			isa = XCBuildConfiguration;
			buildSettings = {
				ASSETCATALOG_COMPILER_APPICON_NAME = AppIcon;
				ASSETCATALOG_COMPILER_GLOBAL_ACCENT_COLOR_NAME = AccentColor;
				CODE_SIGN_STYLE = Automatic;
				CURRENT_PROJECT_VERSION = 1;
				DEVELOPMENT_ASSET_PATHS = "\"CoffeeOrders/Preview Content\"";
				ENABLE_PREVIEWS = YES;
				GENERATE_INFOPLIST_FILE = YES;
				INFOPLIST_KEY_UIApplicationSceneManifest_Generation = YES;
				INFOPLIST_KEY_UIApplicationSupportsIndirectInputEvents = YES;
				INFOPLIST_KEY_UILaunchScreen_Generation = YES;
				INFOPLIST_KEY_UISupportedInterfaceOrientations_iPad = "UIInterfaceOrientationPortrait UIInterfaceOrientationPortraitUpsideDown UIInterfaceOrientationLandscapeLeft UIInterfaceOrientationLandscapeRight";
				INFOPLIST_KEY_UISupportedInterfaceOrientations_iPhone = "UIInterfaceOrientationPortrait UIInterfaceOrientationLandscapeLeft UIInterfaceOrientationLandscapeRight";
				LD_RUNPATH_SEARCH_PATHS = (
					"$(inherited)",
					"@executable_path/Frameworks",
				);
				MARKETING_VERSION = 1.0;
				PRODUCT_BUNDLE_IDENTIFIER = com.rafaelmelo.CoffeeOrders;
				PRODUCT_NAME = "$(TARGET_NAME)";
				SWIFT_EMIT_LOC_STRINGS = YES;
				SWIFT_VERSION = 5.0;
				TARGETED_DEVICE_FAMILY = "1,2";
			};
			name = Debug;
		};
		75AFA2532D36AE1400AECEFB /* Release */ = {
			isa = XCBuildConfiguration;
			buildSettings = {
				ASSETCATALOG_COMPILER_APPICON_NAME = AppIcon;
				ASSETCATALOG_COMPILER_GLOBAL_ACCENT_COLOR_NAME = AccentColor;
				CODE_SIGN_STYLE = Automatic;
				CURRENT_PROJECT_VERSION = 1;
				DEVELOPMENT_ASSET_PATHS = "\"CoffeeOrders/Preview Content\"";
				ENABLE_PREVIEWS = YES;
				GENERATE_INFOPLIST_FILE = YES;
				INFOPLIST_KEY_UIApplicationSceneManifest_Generation = YES;
				INFOPLIST_KEY_UIApplicationSupportsIndirectInputEvents = YES;
				INFOPLIST_KEY_UILaunchScreen_Generation = YES;
				INFOPLIST_KEY_UISupportedInterfaceOrientations_iPad = "UIInterfaceOrientationPortrait UIInterfaceOrientationPortraitUpsideDown UIInterfaceOrientationLandscapeLeft UIInterfaceOrientationLandscapeRight";
				INFOPLIST_KEY_UISupportedInterfaceOrientations_iPhone = "UIInterfaceOrientationPortrait UIInterfaceOrientationLandscapeLeft UIInterfaceOrientationLandscapeRight";
				LD_RUNPATH_SEARCH_PATHS = (
					"$(inherited)",
					"@executable_path/Frameworks",
				);
				MARKETING_VERSION = 1.0;
				PRODUCT_BUNDLE_IDENTIFIER = com.rafaelmelo.CoffeeOrders;
				PRODUCT_NAME = "$(TARGET_NAME)";
				SWIFT_EMIT_LOC_STRINGS = YES;
				SWIFT_VERSION = 5.0;
				TARGETED_DEVICE_FAMILY = "1,2";
			};
			name = Release;
		};
/* End XCBuildConfiguration section */

/* Begin XCConfigurationList section */
		75AFA23E2D36AE1200AECEFB /* Build configuration list for PBXProject "CoffeeOrders" */ = {
			isa = XCConfigurationList;
			buildConfigurations = (
				75AFA24F2D36AE1400AECEFB /* Debug */,
				75AFA2502D36AE1400AECEFB /* Release */,
			);
			defaultConfigurationIsVisible = 0;
			defaultConfigurationName = Release;
		};
		75AFA2512D36AE1400AECEFB /* Build configuration list for PBXNativeTarget "CoffeeOrders" */ = {
			isa = XCConfigurationList;
			buildConfigurations = (
				75AFA2522D36AE1400AECEFB /* Debug */,
				75AFA2532D36AE1400AECEFB /* Release */,
			);
			defaultConfigurationIsVisible = 0;
			defaultConfigurationName = Release;
		};
/* End XCConfigurationList section */
	};
	rootObject = 75AFA23B2D36AE1200AECEFB /* Project object */;
}
